{
  "lockfileVersion": 1,
  "configVersion": 1,
  "workspaces": {
    "": {
      "name": "autocli",
      "dependencies": {
        "commander": "^14.0.3",
        "fetch-cookie": "^3.2.0",
        "open-location-code": "^1.0.3",
        "ora": "^9.3.0",
        "pdf-lib": "^1.17.1",
        "picocolors": "^1.1.1",
        "tlsclientwrapper": "^4.2.0",
        "tough-cookie": "^6.0.1",
        "ws": "^8.20.0",
        "zod": "^4.3.6",
      },
      "devDependencies": {
        "@types/node": "^24.10.1",
        "@types/ws": "^8.18.1",
        "bun-types": "^1.3.11",
        "typescript": "^5.9.3",
      },
    },
  },
  "trustedDependencies": [
    "koffi",
  ],
  "packages": {
    "@napi-rs/nice": ["@napi-rs/nice@1.1.1", "", { "optionalDependencies": { "@napi-rs/nice-android-arm-eabi": "1.1.1", "@napi-rs/nice-android-arm64": "1.1.1", "@napi-rs/nice-darwin-arm64": "1.1.1", "@napi-rs/nice-darwin-x64": "1.1.1", "@napi-rs/nice-freebsd-x64": "1.1.1", "@napi-rs/nice-linux-arm-gnueabihf": "1.1.1", "@napi-rs/nice-linux-arm64-gnu": "1.1.1", "@napi-rs/nice-linux-arm64-musl": "1.1.1", "@napi-rs/nice-linux-ppc64-gnu": "1.1.1", "@napi-rs/nice-linux-riscv64-gnu": "1.1.1", "@napi-rs/nice-linux-s390x-gnu": "1.1.1", "@napi-rs/nice-linux-x64-gnu": "1.1.1", "@napi-rs/nice-linux-x64-musl": "1.1.1", "@napi-rs/nice-openharmony-arm64": "1.1.1", "@napi-rs/nice-win32-arm64-msvc": "1.1.1", "@napi-rs/nice-win32-ia32-msvc": "1.1.1", "@napi-rs/nice-win32-x64-msvc": "1.1.1" } }, "sha512-xJIPs+bYuc9ASBl+cvGsKbGrJmS6fAKaSZCnT0lhahT5rhA2VVy9/EcIgd2JhtEuFOJNx7UHNn/qiTPTY4nrQw=="],

    "@napi-rs/nice-android-arm-eabi": ["@napi-rs/nice-android-arm-eabi@1.1.1", "", { "os": "android", "cpu": "arm" }, "sha512-kjirL3N6TnRPv5iuHw36wnucNqXAO46dzK9oPb0wj076R5Xm8PfUVA9nAFB5ZNMmfJQJVKACAPd/Z2KYMppthw=="],

    "@napi-rs/nice-android-arm64": ["@napi-rs/nice-android-arm64@1.1.1", "", { "os": "android", "cpu": "arm64" }, "sha512-blG0i7dXgbInN5urONoUCNf+DUEAavRffrO7fZSeoRMJc5qD+BJeNcpr54msPF6qfDD6kzs9AQJogZvT2KD5nw=="],

    "@napi-rs/nice-darwin-arm64": ["@napi-rs/nice-darwin-arm64@1.1.1", "", { "os": "darwin", "cpu": "arm64" }, "sha512-s/E7w45NaLqTGuOjC2p96pct4jRfo61xb9bU1unM/MJ/RFkKlJyJDx7OJI/O0ll/hrfpqKopuAFDV8yo0hfT7A=="],

    "@napi-rs/nice-darwin-x64": ["@napi-rs/nice-darwin-x64@1.1.1", "", { "os": "darwin", "cpu": "x64" }, "sha512-dGoEBnVpsdcC+oHHmW1LRK5eiyzLwdgNQq3BmZIav+9/5WTZwBYX7r5ZkQC07Nxd3KHOCkgbHSh4wPkH1N1LiQ=="],

    "@napi-rs/nice-freebsd-x64": ["@napi-rs/nice-freebsd-x64@1.1.1", "", { "os": "freebsd", "cpu": "x64" }, "sha512-kHv4kEHAylMYmlNwcQcDtXjklYp4FCf0b05E+0h6nDHsZ+F0bDe04U/tXNOqrx5CmIAth4vwfkjjUmp4c4JktQ=="],

    "@napi-rs/nice-linux-arm-gnueabihf": ["@napi-rs/nice-linux-arm-gnueabihf@1.1.1", "", { "os": "linux", "cpu": "arm" }, "sha512-E1t7K0efyKXZDoZg1LzCOLxgolxV58HCkaEkEvIYQx12ht2pa8hoBo+4OB3qh7e+QiBlp1SRf+voWUZFxyhyqg=="],

    "@napi-rs/nice-linux-arm64-gnu": ["@napi-rs/nice-linux-arm64-gnu@1.1.1", "", { "os": "linux", "cpu": "arm64" }, "sha512-CIKLA12DTIZlmTaaKhQP88R3Xao+gyJxNWEn04wZwC2wmRapNnxCUZkVwggInMJvtVElA+D4ZzOU5sX4jV+SmQ=="],

    "@napi-rs/nice-linux-arm64-musl": ["@napi-rs/nice-linux-arm64-musl@1.1.1", "", { "os": "linux", "cpu": "arm64" }, "sha512-+2Rzdb3nTIYZ0YJF43qf2twhqOCkiSrHx2Pg6DJaCPYhhaxbLcdlV8hCRMHghQ+EtZQWGNcS2xF4KxBhSGeutg=="],

    "@napi-rs/nice-linux-ppc64-gnu": ["@napi-rs/nice-linux-ppc64-gnu@1.1.1", "", { "os": "linux", "cpu": "ppc64" }, "sha512-4FS8oc0GeHpwvv4tKciKkw3Y4jKsL7FRhaOeiPei0X9T4Jd619wHNe4xCLmN2EMgZoeGg+Q7GY7BsvwKpL22Tg=="],

    "@napi-rs/nice-linux-riscv64-gnu": ["@napi-rs/nice-linux-riscv64-gnu@1.1.1", "", { "os": "linux", "cpu": "none" }, "sha512-HU0nw9uD4FO/oGCCk409tCi5IzIZpH2agE6nN4fqpwVlCn5BOq0MS1dXGjXaG17JaAvrlpV5ZeyZwSon10XOXw=="],

    "@napi-rs/nice-linux-s390x-gnu": ["@napi-rs/nice-linux-s390x-gnu@1.1.1", "", { "os": "linux", "cpu": "s390x" }, "sha512-2YqKJWWl24EwrX0DzCQgPLKQBxYDdBxOHot1KWEq7aY2uYeX+Uvtv4I8xFVVygJDgf6/92h9N3Y43WPx8+PAgQ=="],

    "@napi-rs/nice-linux-x64-gnu": ["@napi-rs/nice-linux-x64-gnu@1.1.1", "", { "os": "linux", "cpu": "x64" }, "sha512-/gaNz3R92t+dcrfCw/96pDopcmec7oCcAQ3l/M+Zxr82KT4DljD37CpgrnXV+pJC263JkW572pdbP3hP+KjcIg=="],

    "@napi-rs/nice-linux-x64-musl": ["@napi-rs/nice-linux-x64-musl@1.1.1", "", { "os": "linux", "cpu": "x64" }, "sha512-xScCGnyj/oppsNPMnevsBe3pvNaoK7FGvMjT35riz9YdhB2WtTG47ZlbxtOLpjeO9SqqQ2J2igCmz6IJOD5JYw=="],

    "@napi-rs/nice-openharmony-arm64": ["@napi-rs/nice-openharmony-arm64@1.1.1", "", { "os": "none", "cpu": "arm64" }, "sha512-6uJPRVwVCLDeoOaNyeiW0gp2kFIM4r7PL2MczdZQHkFi9gVlgm+Vn+V6nTWRcu856mJ2WjYJiumEajfSm7arPQ=="],

    "@napi-rs/nice-win32-arm64-msvc": ["@napi-rs/nice-win32-arm64-msvc@1.1.1", "", { "os": "win32", "cpu": "arm64" }, "sha512-uoTb4eAvM5B2aj/z8j+Nv8OttPf2m+HVx3UjA5jcFxASvNhQriyCQF1OB1lHL43ZhW+VwZlgvjmP5qF3+59atA=="],

    "@napi-rs/nice-win32-ia32-msvc": ["@napi-rs/nice-win32-ia32-msvc@1.1.1", "", { "os": "win32", "cpu": "ia32" }, "sha512-CNQqlQT9MwuCsg1Vd/oKXiuH+TcsSPJmlAFc5frFyX/KkOh0UpBLEj7aoY656d5UKZQMQFP7vJNa1DNUNORvug=="],

    "@napi-rs/nice-win32-x64-msvc": ["@napi-rs/nice-win32-x64-msvc@1.1.1", "", { "os": "win32", "cpu": "x64" }, "sha512-vB+4G/jBQCAh0jelMTY3+kgFy00Hlx2f2/1zjMoH821IbplbWZOkLiTYXQkygNTzQJTq5cvwBDgn2ppHD+bglQ=="],

    "@pdf-lib/standard-fonts": ["@pdf-lib/standard-fonts@1.0.0", "", { "dependencies": { "pako": "^1.0.6" } }, "sha512-hU30BK9IUN/su0Mn9VdlVKsWBS6GyhVfqjwl1FjZN4TxP6cCw0jP2w7V3Hf5uX7M0AZJ16vey9yE0ny7Sa59ZA=="],

    "@pdf-lib/upng": ["@pdf-lib/upng@1.0.1", "", { "dependencies": { "pako": "^1.0.10" } }, "sha512-dQK2FUMQtowVP00mtIksrlZhdFXQZPC+taih1q4CvPZ5vqdxR/LKBaFg0oAfzd1GlHZXXSPdQfzQnt+ViGvEIQ=="],

    "@types/node": ["@types/node@24.12.0", "", { "dependencies": { "undici-types": "~7.16.0" } }, "sha512-GYDxsZi3ChgmckRT9HPU0WEhKLP08ev/Yfcq2AstjrDASOYCSXeyjDsHg4v5t4jOj7cyDX3vmprafKlWIG9MXQ=="],

    "@types/ws": ["@types/ws@8.18.1", "", { "dependencies": { "@types/node": "*" } }, "sha512-ThVF6DCVhA8kUGy+aazFQ4kXQ7E1Ty7A3ypFOe0IcJV8O/M511G99AW24irKrW56Wt44yG9+ij8FaqoBGkuBXg=="],

    "ansi-regex": ["ansi-regex@6.2.2", "", {}, "sha512-Bq3SmSpyFHaWjPk8If9yc6svM8c56dB5BAtW4Qbw5jHTwwXXcTLoRMkpDJp6VL0XzlWaCHTXrkFURMYmD0sLqg=="],

    "bun-types": ["bun-types@1.3.11", "", { "dependencies": { "@types/node": "*" } }, "sha512-1KGPpoxQWl9f6wcZh57LvrPIInQMn2TQ7jsgxqpRzg+l0QPOFvJVH7HmvHo/AiPgwXy+/Thf6Ov3EdVn1vOabg=="],

    "chalk": ["chalk@5.6.2", "", {}, "sha512-7NzBL0rN6fMUW+f7A6Io4h40qQlG+xGmtMxfbnH/K7TAtt8JQWVQK+6g0UXKMeVJoyV5EkkNsErQ8pVD3bLHbA=="],

    "cli-cursor": ["cli-cursor@5.0.0", "", { "dependencies": { "restore-cursor": "^5.0.0" } }, "sha512-aCj4O5wKyszjMmDT4tZj93kxyydN/K5zPWSCe6/0AV/AA1pqe5ZBIw0a2ZfPQV7lL5/yb5HsUreJ6UFAF1tEQw=="],

    "cli-spinners": ["cli-spinners@3.4.0", "", {}, "sha512-bXfOC4QcT1tKXGorxL3wbJm6XJPDqEnij2gQ2m7ESQuE+/z9YFIWnl/5RpTiKWbMq3EVKR4fRLJGn6DVfu0mpw=="],

    "commander": ["commander@14.0.3", "", {}, "sha512-H+y0Jo/T1RZ9qPP4Eh1pkcQcLRglraJaSLoyOtHxu6AapkjWVCy2Sit1QQ4x3Dng8qDlSsZEet7g5Pq06MvTgw=="],

    "fetch-cookie": ["fetch-cookie@3.2.0", "", { "dependencies": { "set-cookie-parser": "^2.4.8", "tough-cookie": "^6.0.0" } }, "sha512-n61pQIxP25C6DRhcJxn7BDzgHP/+S56Urowb5WFxtcRMpU6drqXD90xjyAsVQYsNSNNVbaCcYY1DuHsdkZLuiA=="],

    "get-east-asian-width": ["get-east-asian-width@1.5.0", "", {}, "sha512-CQ+bEO+Tva/qlmw24dCejulK5pMzVnUOFOijVogd3KQs07HnRIgp8TGipvCCRT06xeYEbpbgwaCxglFyiuIcmA=="],

    "is-interactive": ["is-interactive@2.0.0", "", {}, "sha512-qP1vozQRI+BMOPcjFzrjXuQvdak2pHNUMZoeG2eRbiSqyvbEf/wQtEOTOX1guk6E3t36RkaqiSt8A/6YElNxLQ=="],

    "is-unicode-supported": ["is-unicode-supported@2.1.0", "", {}, "sha512-mE00Gnza5EEB3Ds0HfMyllZzbBrmLOX3vfWoj9A9PEnTfratQ/BcaJOuMhnkhjXvb2+FkY3VuHqtAGpTPmglFQ=="],

    "koffi": ["koffi@2.15.2", "", {}, "sha512-r9tjJLVRSOhCRWdVyQlF3/Ugzeg13jlzS4czS82MAgLff4W+BcYOW7g8Y62t9O5JYjYOLAjAovAZDNlDfZNu+g=="],

    "log-symbols": ["log-symbols@7.0.1", "", { "dependencies": { "is-unicode-supported": "^2.0.0", "yoctocolors": "^2.1.1" } }, "sha512-ja1E3yCr9i/0hmBVaM0bfwDjnGy8I/s6PP4DFp+yP+a+mrHO4Rm7DtmnqROTUkHIkqffC84YY7AeqX6oFk0WFg=="],

    "mimic-function": ["mimic-function@5.0.1", "", {}, "sha512-VP79XUPxV2CigYP3jWwAUFSku2aKqBH7uTAapFWCBqutsbmDo96KY5o8uh6U+/YSIn5OxJnXp73beVkpqMIGhA=="],

    "onetime": ["onetime@7.0.0", "", { "dependencies": { "mimic-function": "^5.0.0" } }, "sha512-VXJjc87FScF88uafS3JllDgvAm+c/Slfz06lorj2uAY34rlUu0Nt+v8wreiImcrgAjjIHp1rXpTDlLOGw29WwQ=="],

    "open-location-code": ["open-location-code@1.0.3", "", {}, "sha512-DBm14BSn40Ee241n80zIFXIT6+y8Tb0I+jTdosLJ8Sidvr2qONvymwqymVbHV2nS+1gkDZ5eTNpnOIVV0Kn2fw=="],

    "ora": ["ora@9.3.0", "", { "dependencies": { "chalk": "^5.6.2", "cli-cursor": "^5.0.0", "cli-spinners": "^3.2.0", "is-interactive": "^2.0.0", "is-unicode-supported": "^2.1.0", "log-symbols": "^7.0.1", "stdin-discarder": "^0.3.1", "string-width": "^8.1.0" } }, "sha512-lBX72MWFduWEf7v7uWf5DHp9Jn5BI8bNPGuFgtXMmr2uDz2Gz2749y3am3agSDdkhHPHYmmxEGSKH85ZLGzgXw=="],

    "pako": ["pako@1.0.11", "", {}, "sha512-4hLB8Py4zZce5s4yd9XzopqwVv/yGNhV1Bl8NTmCq1763HeK2+EwVTv+leGeL13Dnh2wfbqowVPXCIO0z4taYw=="],

    "pdf-lib": ["pdf-lib@1.17.1", "", { "dependencies": { "@pdf-lib/standard-fonts": "^1.0.0", "@pdf-lib/upng": "^1.0.1", "pako": "^1.0.11", "tslib": "^1.11.1" } }, "sha512-V/mpyJAoTsN4cnP31vc0wfNA1+p20evqqnap0KLoRUN0Yk/p3wN52DOEsL4oBFcLdb76hlpKPtzJIgo67j/XLw=="],

    "picocolors": ["picocolors@1.1.1", "", {}, "sha512-xceH2snhtb5M9liqDsmEw56le376mTZkEX/jEb/RxNFyegNul7eNslCXP9FDj/Lcu0X8KEyMceP2ntpaHrDEVA=="],

    "piscina": ["piscina@5.1.4", "", { "optionalDependencies": { "@napi-rs/nice": "^1.0.4" } }, "sha512-7uU4ZnKeQq22t9AsmHGD2w4OYQGonwFnTypDypaWi7Qr2EvQIFVtG8J5D/3bE7W123Wdc9+v4CZDu5hJXVCtBg=="],

    "restore-cursor": ["restore-cursor@5.1.0", "", { "dependencies": { "onetime": "^7.0.0", "signal-exit": "^4.1.0" } }, "sha512-oMA2dcrw6u0YfxJQXm342bFKX/E4sG9rbTzO9ptUcR/e8A33cHuvStiYOwH7fszkZlZ1z/ta9AAoPk2F4qIOHA=="],

    "set-cookie-parser": ["set-cookie-parser@2.7.2", "", {}, "sha512-oeM1lpU/UvhTxw+g3cIfxXHyJRc/uidd3yK1P242gzHds0udQBYzs3y8j4gCCW+ZJ7ad0yctld8RYO+bdurlvw=="],

    "signal-exit": ["signal-exit@4.1.0", "", {}, "sha512-bzyZ1e88w9O1iNJbKnOlvYTrWPDl46O1bG0D3XInv+9tkPrxrN8jUUTiFlDkkmKWgn1M6CfIA13SuGqOa9Korw=="],

    "stdin-discarder": ["stdin-discarder@0.3.1", "", {}, "sha512-reExS1kSGoElkextOcPkel4NE99S0BWxjUHQeDFnR8S993JxpPX7KU4MNmO19NXhlJp+8dmdCbKQVNgLJh2teA=="],

    "string-width": ["string-width@8.2.0", "", { "dependencies": { "get-east-asian-width": "^1.5.0", "strip-ansi": "^7.1.2" } }, "sha512-6hJPQ8N0V0P3SNmP6h2J99RLuzrWz2gvT7VnK5tKvrNqJoyS9W4/Fb8mo31UiPvy00z7DQXkP2hnKBVav76thw=="],

    "strip-ansi": ["strip-ansi@7.2.0", "", { "dependencies": { "ansi-regex": "^6.2.2" } }, "sha512-yDPMNjp4WyfYBkHnjIRLfca1i6KMyGCtsVgoKe/z1+6vukgaENdgGBZt+ZmKPc4gavvEZ5OgHfHdrazhgNyG7w=="],

    "tldts": ["tldts@7.0.27", "", { "dependencies": { "tldts-core": "^7.0.27" }, "bin": { "tldts": "bin/cli.js" } }, "sha512-I4FZcVFcqCRuT0ph6dCDpPuO4Xgzvh+spkcTr1gK7peIvxWauoloVO0vuy1FQnijT63ss6AsHB6+OIM4aXHbPg=="],

    "tldts-core": ["tldts-core@7.0.27", "", {}, "sha512-YQ7uPjgWUibIK6DW5lrKujGwUKhLevU4hcGbP5O6TcIUb+oTjJYJVWPS4nZsIHrEEEG6myk/oqAJUEQmpZrHsg=="],

    "tlsclientwrapper": ["tlsclientwrapper@4.2.0", "", { "dependencies": { "koffi": "^2.15.2", "piscina": "^5.1.4" } }, "sha512-p39Xcrtyv7uZQfKUOWXUslrqU383VtauMkaN/eM5knGxFee7kkYt/6C79bqRglDbVLUKzw+Fm2PK0vOfPzDlcg=="],

    "tough-cookie": ["tough-cookie@6.0.1", "", { "dependencies": { "tldts": "^7.0.5" } }, "sha512-LktZQb3IeoUWB9lqR5EWTHgW/VTITCXg4D21M+lvybRVdylLrRMnqaIONLVb5mav8vM19m44HIcGq4qASeu2Qw=="],

    "tslib": ["tslib@1.14.1", "", {}, "sha512-Xni35NKzjgMrwevysHTCArtLDpPvye8zV/0E4EyYn43P7/7qvQwPh9BGkHewbMulVntbigmcT7rdX3BNo9wRJg=="],

    "typescript": ["typescript@5.9.3", "", { "bin": { "tsc": "bin/tsc", "tsserver": "bin/tsserver" } }, "sha512-jl1vZzPDinLr9eUt3J/t7V6FgNEw9QjvBPdysz9KfQDD41fQrC2Y4vKQdiaUpFT4bXlb1RHhLpp8wtm6M5TgSw=="],

    "undici-types": ["undici-types@7.16.0", "", {}, "sha512-Zz+aZWSj8LE6zoxD+xrjh4VfkIG8Ya6LvYkZqtUQGJPZjYl53ypCaUwWqo7eI0x66KBGeRo+mlBEkMSeSZ38Nw=="],

    "ws": ["ws@8.20.0", "", { "peerDependencies": { "bufferutil": "^4.0.1", "utf-8-validate": ">=5.0.2" }, "optionalPeers": ["bufferutil", "utf-8-validate"] }, "sha512-sAt8BhgNbzCtgGbt2OxmpuryO63ZoDk/sqaB/znQm94T4fCEsy/yV+7CdC1kJhOU9lboAEU7R3kquuycDoibVA=="],

    "yoctocolors": ["yoctocolors@2.1.2", "", {}, "sha512-CzhO+pFNo8ajLM2d2IW/R93ipy99LWjtwblvC1RsoSUMZgyLbYFr221TnSNT7GjGdYui6P459mw9JH/g/zW2ug=="],

    "zod": ["zod@4.3.6", "", {}, "sha512-rftlrkhHZOcjDwkGlnUtZZkvaPHCsDATp4pGpuOOMDaTdDDXF91wuVDJoWoPsKX/3YPQ5fHuF3STjcYyKr+Qhg=="],
  }
}
